{
    "_readme": [
        "This file locks the dependencies of your project to a known state",
        "Read more about it at https://getcomposer.org/doc/01-basic-usage.md#installing-dependencies",
        "This file is @generated automatically"
    ],
    "content-hash": "c4d6efdd241dde0b9b3a4b28d247ec05",
    "packages": [
        {
            "name": "container-interop/container-interop",
            "version": "1.2.0",
            "source": {
                "type": "git",
                "url": "https://github.com/container-interop/container-interop.git",
                "reference": "79cbf1341c22ec75643d841642dd5d6acd83bdb8"
            },
            "dist": {
                "type": "zip",
                "url": "https://api.github.com/repos/container-interop/container-interop/zipball/79cbf1341c22ec75643d841642dd5d6acd83bdb8",
                "reference": "79cbf1341c22ec75643d841642dd5d6acd83bdb8",
                "shasum": ""
            },
            "require": {
                "psr/container": "^1.0"
            },
            "type": "library",
            "autoload": {
                "psr-4": {
                    "Interop\\Container\\": "src/Interop/Container/"
                }
            },
            "notification-url": "https://packagist.org/downloads/",
            "license": [
                "MIT"
            ],
            "description": "Promoting the interoperability of container objects (DIC, SL, etc.)",
            "homepage": "https://github.com/container-interop/container-interop",
            "time": "2017-02-14T19:40:03+00:00"
        },
        {
            "name": "paragonie/random_compat",
            "version": "v2.0.17",
            "source": {
                "type": "git",
                "url": "https://github.com/paragonie/random_compat.git",
                "reference": "29af24f25bab834fcbb38ad2a69fa93b867e070d"
            },
            "dist": {
                "type": "zip",
                "url": "https://api.github.com/repos/paragonie/random_compat/zipball/29af24f25bab834fcbb38ad2a69fa93b867e070d",
                "reference": "29af24f25bab834fcbb38ad2a69fa93b867e070d",
                "shasum": ""
            },
            "require": {
                "php": ">=5.2.0"
            },
            "require-dev": {
                "phpunit/phpunit": "4.*|5.*"
            },
            "suggest": {
                "ext-libsodium": "Provides a modern crypto API that can be used to generate random bytes."
            },
            "type": "library",
            "autoload": {
                "files": [
                    "lib/random.php"
                ]
            },
            "notification-url": "https://packagist.org/downloads/",
            "license": [
                "MIT"
            ],
            "authors": [
                {
                    "name": "Paragon Initiative Enterprises",
                    "email": "security@paragonie.com",
                    "homepage": "https://paragonie.com"
                }
            ],
            "description": "PHP 5.x polyfill for random_bytes() and random_int() from PHP 7",
            "keywords": [
                "csprng",
                "polyfill",
                "pseudorandom",
                "random"
            ],
            "time": "2018-07-04T16:31:37+00:00"
        },
        {
            "name": "psr/container",
            "version": "1.0.0",
            "source": {
                "type": "git",
                "url": "https://github.com/php-fig/container.git",
                "reference": "b7ce3b176482dbbc1245ebf52b181af44c2cf55f"
            },
            "dist": {
                "type": "zip",
                "url": "https://api.github.com/repos/php-fig/container/zipball/b7ce3b176482dbbc1245ebf52b181af44c2cf55f",
                "reference": "b7ce3b176482dbbc1245ebf52b181af44c2cf55f",
                "shasum": ""
            },
            "require": {
                "php": ">=5.3.0"
            },
            "type": "library",
            "extra": {
                "branch-alias": {
                    "dev-master": "1.0.x-dev"
                }
            },
            "autoload": {
                "psr-4": {
                    "Psr\\Container\\": "src/"
                }
            },
            "notification-url": "https://packagist.org/downloads/",
            "license": [
                "MIT"
            ],
            "authors": [
                {
                    "name": "PHP-FIG",
                    "homepage": "http://www.php-fig.org/"
                }
            ],
            "description": "Common Container Interface (PHP FIG PSR-11)",
            "homepage": "https://github.com/php-fig/container",
            "keywords": [
                "PSR-11",
                "container",
                "container-interface",
                "container-interop",
                "psr"
            ],
            "time": "2017-02-14T16:28:37+00:00"
        },
        {
            "name": "psr/http-message",
            "version": "1.0.1",
            "source": {
                "type": "git",
                "url": "https://github.com/php-fig/http-message.git",
                "reference": "f6561bf28d520154e4b0ec72be95418abe6d9363"
            },
            "dist": {
                "type": "zip",
                "url": "https://api.github.com/repos/php-fig/http-message/zipball/f6561bf28d520154e4b0ec72be95418abe6d9363",
                "reference": "f6561bf28d520154e4b0ec72be95418abe6d9363",
                "shasum": ""
            },
            "require": {
                "php": ">=5.3.0"
            },
            "type": "library",
            "extra": {
                "branch-alias": {
                    "dev-master": "1.0.x-dev"
                }
            },
            "autoload": {
                "psr-4": {
                    "Psr\\Http\\Message\\": "src/"
                }
            },
            "notification-url": "https://packagist.org/downloads/",
            "license": [
                "MIT"
            ],
            "authors": [
                {
                    "name": "PHP-FIG",
                    "homepage": "http://www.php-fig.org/"
                }
            ],
            "description": "Common interface for HTTP messages",
            "homepage": "https://github.com/php-fig/http-message",
            "keywords": [
                "http",
                "http-message",
                "psr",
                "psr-7",
                "request",
                "response"
            ],
            "time": "2016-08-06T14:39:51+00:00"
        },
        {
            "name": "zendframework/zend-captcha",
            "version": "2.8.0",
            "source": {
                "type": "git",
                "url": "https://github.com/zendframework/zend-captcha.git",
                "reference": "37e9b6a4f632a9399eecbf2e5e325ad89083f87b"
            },
            "dist": {
                "type": "zip",
                "url": "https://api.github.com/repos/zendframework/zend-captcha/zipball/37e9b6a4f632a9399eecbf2e5e325ad89083f87b",
                "reference": "37e9b6a4f632a9399eecbf2e5e325ad89083f87b",
                "shasum": ""
            },
            "require": {
                "php": "^5.6 || ^7.0",
                "zendframework/zend-math": "^2.7 || ^3.0",
                "zendframework/zend-stdlib": "^2.7.7 || ^3.1"
            },
            "require-dev": {
                "phpunit/phpunit": "^5.7.27 || ^6.5.8 || ^7.1.2",
                "zendframework/zend-coding-standard": "~1.0.0",
                "zendframework/zend-session": "^2.8",
                "zendframework/zend-text": "^2.6",
                "zendframework/zend-validator": "^2.10.1",
                "zendframework/zendservice-recaptcha": "^3.0"
            },
            "suggest": {
                "zendframework/zend-i18n-resources": "Translations of captcha messages",
                "zendframework/zend-session": "Zend\\Session component",
                "zendframework/zend-text": "Zend\\Text component",
                "zendframework/zend-validator": "Zend\\Validator component",
                "zendframework/zendservice-recaptcha": "ZendService\\ReCaptcha component"
            },
            "type": "library",
            "extra": {
                "branch-alias": {
                    "dev-master": "2.8.x-dev",
                    "dev-develop": "2.9.x-dev"
                }
            },
            "autoload": {
                "psr-4": {
                    "Zend\\Captcha\\": "src/"
                }
            },
            "notification-url": "https://packagist.org/downloads/",
            "license": [
                "BSD-3-Clause"
            ],
            "description": "Generate and validate CAPTCHAs using Figlets, images, ReCaptcha, and more",
            "keywords": [
                "ZendFramework",
                "captcha",
                "zf"
            ],
            "time": "2018-04-24T17:24:10+00:00"
        },
        {
            "name": "zendframework/zend-diactoros",
            "version": "1.8.3",
            "source": {
                "type": "git",
                "url": "https://github.com/zendframework/zend-diactoros.git",
                "reference": "72c13834fb3db2a962e913758b384ff2e6425d6e"
            },
            "dist": {
                "type": "zip",
                "url": "https://api.github.com/repos/zendframework/zend-diactoros/zipball/72c13834fb3db2a962e913758b384ff2e6425d6e",
                "reference": "72c13834fb3db2a962e913758b384ff2e6425d6e",
                "shasum": ""
            },
            "require": {
                "php": "^5.6 || ^7.0",
                "psr/http-message": "^1.0"
            },
            "provide": {
                "psr/http-message-implementation": "1.0"
            },
            "require-dev": {
                "ext-dom": "*",
                "ext-libxml": "*",
                "phpunit/phpunit": "^5.7.16 || ^6.0.8 || ^7.2.7",
                "zendframework/zend-coding-standard": "~1.0"
            },
            "type": "library",
            "extra": {
                "branch-alias": {
                    "dev-master": "1.8.x-dev",
                    "dev-develop": "1.9.x-dev",
                    "dev-release-2.0": "2.0.x-dev"
                }
            },
            "autoload": {
                "files": [
                    "src/functions/create_uploaded_file.php",
                    "src/functions/marshal_headers_from_sapi.php",
                    "src/functions/marshal_method_from_sapi.php",
                    "src/functions/marshal_protocol_version_from_sapi.php",
                    "src/functions/marshal_uri_from_sapi.php",
                    "src/functions/normalize_server.php",
                    "src/functions/normalize_uploaded_files.php",
                    "src/functions/parse_cookie_header.php"
                ],
                "psr-4": {
                    "Zend\\Diactoros\\": "src/"
                }
            },
            "notification-url": "https://packagist.org/downloads/",
            "license": [
                "BSD-2-Clause"
            ],
            "description": "PSR HTTP Message implementations",
            "homepage": "https://github.com/zendframework/zend-diactoros",
            "keywords": [
                "http",
                "psr",
                "psr-7"
            ],
            "time": "2018-07-24T21:54:38+00:00"
        },
        {
            "name": "zendframework/zend-escaper",
            "version": "2.6.0",
            "source": {
                "type": "git",
                "url": "https://github.com/zendframework/zend-escaper.git",
                "reference": "31d8aafae982f9568287cb4dce987e6aff8fd074"
            },
            "dist": {
                "type": "zip",
                "url": "https://api.github.com/repos/zendframework/zend-escaper/zipball/31d8aafae982f9568287cb4dce987e6aff8fd074",
                "reference": "31d8aafae982f9568287cb4dce987e6aff8fd074",
                "shasum": ""
            },
            "require": {
                "php": "^5.6 || ^7.0"
            },
            "require-dev": {
                "phpunit/phpunit": "^5.7.27 || ^6.5.8 || ^7.1.2",
                "zendframework/zend-coding-standard": "~1.0.0"
            },
            "type": "library",
            "extra": {
                "branch-alias": {
                    "dev-master": "2.6.x-dev",
                    "dev-develop": "2.7.x-dev"
                }
            },
            "autoload": {
                "psr-4": {
                    "Zend\\Escaper\\": "src/"
                }
            },
            "notification-url": "https://packagist.org/downloads/",
            "license": [
                "BSD-3-Clause"
            ],
            "description": "Securely and safely escape HTML, HTML attributes, JavaScript, CSS, and URLs",
            "keywords": [
                "ZendFramework",
                "escaper",
                "zf"
            ],
            "time": "2018-04-25T15:48:53+00:00"
        },
        {
            "name": "zendframework/zend-http",
            "version": "2.8.0",
            "source": {
                "type": "git",
                "url": "https://github.com/zendframework/zend-http.git",
                "reference": "f48b276ffa11b48dd1ae3c6bc306d6ed7958ef51"
            },
            "dist": {
                "type": "zip",
                "url": "https://api.github.com/repos/zendframework/zend-http/zipball/f48b276ffa11b48dd1ae3c6bc306d6ed7958ef51",
                "reference": "f48b276ffa11b48dd1ae3c6bc306d6ed7958ef51",
                "shasum": ""
            },
            "require": {
                "php": "^5.6 || ^7.0",
                "zendframework/zend-loader": "^2.5.1",
                "zendframework/zend-stdlib": "^3.1 || ^2.7.7",
                "zendframework/zend-uri": "^2.5.2",
                "zendframework/zend-validator": "^2.10.1"
            },
            "require-dev": {
                "phpunit/phpunit": "^5.7.27 || ^6.5.8 || ^7.1.3",
                "zendframework/zend-coding-standard": "~1.0.0",
                "zendframework/zend-config": "^3.1 || ^2.6"
            },
            "suggest": {
                "paragonie/certainty": "For automated management of cacert.pem"
            },
            "type": "library",
            "extra": {
                "branch-alias": {
                    "dev-master": "2.8.x-dev",
                    "dev-develop": "2.9.x-dev"
                }
            },
            "autoload": {
                "psr-4": {
                    "Zend\\Http\\": "src/"
                }
            },
            "notification-url": "https://packagist.org/downloads/",
            "license": [
                "BSD-3-Clause"
            ],
            "description": "Provides an easy interface for performing Hyper-Text Transfer Protocol (HTTP) requests",
            "keywords": [
                "ZendFramework",
                "http",
                "http client",
                "zend",
                "zf"
            ],
            "time": "2018-04-26T21:04:50+00:00"
        },
        {
            "name": "zendframework/zend-loader",
            "version": "2.6.0",
            "source": {
                "type": "git",
                "url": "https://github.com/zendframework/zend-loader.git",
                "reference": "78f11749ea340f6ca316bca5958eef80b38f9b6c"
            },
            "dist": {
                "type": "zip",
                "url": "https://api.github.com/repos/zendframework/zend-loader/zipball/78f11749ea340f6ca316bca5958eef80b38f9b6c",
                "reference": "78f11749ea340f6ca316bca5958eef80b38f9b6c",
                "shasum": ""
            },
            "require": {
                "php": "^5.6 || ^7.0"
            },
            "require-dev": {
                "phpunit/phpunit": "^5.7.27 || ^6.5.8 || ^7.1.4",
                "zendframework/zend-coding-standard": "~1.0.0"
            },
            "type": "library",
            "extra": {
                "branch-alias": {
                    "dev-master": "2.6.x-dev",
                    "dev-develop": "2.7.x-dev"
                }
            },
            "autoload": {
                "psr-4": {
                    "Zend\\Loader\\": "src/"
                }
            },
            "notification-url": "https://packagist.org/downloads/",
            "license": [
                "BSD-3-Clause"
            ],
            "description": "Autoloading and plugin loading strategies",
            "keywords": [
                "ZendFramework",
                "loader",
                "zf"
            ],
            "time": "2018-04-30T15:20:54+00:00"
        },
        {
            "name": "zendframework/zend-math",
            "version": "3.1.1",
            "source": {
                "type": "git",
                "url": "https://github.com/zendframework/zend-math.git",
                "reference": "0aa5ec1b3132dd7d749d4673d7bdc7ab6b2d202a"
            },
            "dist": {
                "type": "zip",
                "url": "https://api.github.com/repos/zendframework/zend-math/zipball/0aa5ec1b3132dd7d749d4673d7bdc7ab6b2d202a",
                "reference": "0aa5ec1b3132dd7d749d4673d7bdc7ab6b2d202a",
                "shasum": ""
            },
            "require": {
                "ext-mbstring": "*",
                "paragonie/random_compat": "^2.0.11",
                "php": "^5.6 || ^7.0"
            },
            "require-dev": {
                "phpunit/phpunit": "^5.7.27 || ^6.5.8 || ^7.1.2",
                "zendframework/zend-coding-standard": "~1.0.0"
            },
            "suggest": {
                "ext-bcmath": "If using the bcmath functionality",
                "ext-gmp": "If using the gmp functionality"
            },
            "type": "library",
            "extra": {
                "branch-alias": {
                    "dev-master": "3.1.x-dev",
                    "dev-develop": "3.2.x-dev"
                }
            },
            "autoload": {
                "psr-4": {
                    "Zend\\Math\\": "src/"
                }
            },
            "notification-url": "https://packagist.org/downloads/",
            "license": [
                "BSD-3-Clause"
            ],
            "description": "Create cryptographically secure pseudo-random numbers, and manage big integers",
            "keywords": [
                "ZendFramework",
                "math",
                "zf"
            ],
            "time": "2018-07-10T19:00:33+00:00"
        },
        {
            "name": "zendframework/zend-psr7bridge",
            "version": "1.0.2",
            "source": {
                "type": "git",
                "url": "https://github.com/zendframework/zend-psr7bridge.git",
                "reference": "b79236866a1ebc819014049cbf3570931ca166c7"
            },
            "dist": {
                "type": "zip",
                "url": "https://api.github.com/repos/zendframework/zend-psr7bridge/zipball/b79236866a1ebc819014049cbf3570931ca166c7",
                "reference": "b79236866a1ebc819014049cbf3570931ca166c7",
                "shasum": ""
            },
            "require": {
                "php": "^5.6 || ^7.0",
                "psr/http-message": "^1.0",
                "zendframework/zend-diactoros": "^1.7",
                "zendframework/zend-http": "^2.7"
            },
            "require-dev": {
                "phpunit/phpunit": "^5.7.15 || ^6.5.6",
                "zendframework/zend-coding-standard": "~1.0.0"
            },
            "type": "library",
            "extra": {
                "branch-alias": {
                    "dev-master": "1.0-dev",
                    "dev-develop": "1.1-dev"
                }
            },
            "autoload": {
                "psr-4": {
                    "Zend\\Psr7Bridge\\": "src/"
                }
            },
            "notification-url": "https://packagist.org/downloads/",
            "license": [
                "BSD-3-Clause"
            ],
            "description": "PSR-7 &lt;-&gt; zend-http message conversions",
            "keywords": [
                "ZendFramework",
                "http",
                "psr",
                "psr-7",
                "zend",
                "zf"
            ],
            "time": "2018-02-14T04:27:50+00:00"
        },
        {
            "name": "zendframework/zend-stdlib",
            "version": "3.2.0",
            "source": {
                "type": "git",
                "url": "https://github.com/zendframework/zend-stdlib.git",
                "reference": "cd164b4a18b5d1aeb69be2c26db035b5ed6925ae"
            },
            "dist": {
                "type": "zip",
                "url": "https://api.github.com/repos/zendframework/zend-stdlib/zipball/cd164b4a18b5d1aeb69be2c26db035b5ed6925ae",
                "reference": "cd164b4a18b5d1aeb69be2c26db035b5ed6925ae",
                "shasum": ""
            },
            "require": {
                "php": "^5.6 || ^7.0"
            },
            "require-dev": {
                "phpbench/phpbench": "^0.13",
                "phpunit/phpunit": "^5.7.27 || ^6.5.8 || ^7.1.2",
                "zendframework/zend-coding-standard": "~1.0.0"
            },
            "type": "library",
            "extra": {
                "branch-alias": {
                    "dev-master": "3.2.x-dev",
                    "dev-develop": "3.3.x-dev"
                }
            },
            "autoload": {
                "psr-4": {
                    "Zend\\Stdlib\\": "src/"
                }
            },
            "notification-url": "https://packagist.org/downloads/",
            "license": [
                "BSD-3-Clause"
            ],
            "description": "SPL extensions, array utilities, error handlers, and more",
            "keywords": [
                "ZendFramework",
                "stdlib",
                "zf"
            ],
            "time": "2018-04-30T13:50:40+00:00"
        },
        {
            "name": "zendframework/zend-uri",
            "version": "2.6.1",
            "source": {
                "type": "git",
                "url": "https://github.com/zendframework/zend-uri.git",
                "reference": "3b6463645c6766f78ce537c70cb4fdabee1e725f"
            },
            "dist": {
                "type": "zip",
                "url": "https://api.github.com/repos/zendframework/zend-uri/zipball/3b6463645c6766f78ce537c70cb4fdabee1e725f",
                "reference": "3b6463645c6766f78ce537c70cb4fdabee1e725f",
                "shasum": ""
            },
            "require": {
                "php": "^5.6 || ^7.0",
                "zendframework/zend-escaper": "^2.5",
                "zendframework/zend-validator": "^2.10"
            },
            "require-dev": {
                "phpunit/phpunit": "^5.7.27 || ^6.5.8 || ^7.1.4",
                "zendframework/zend-coding-standard": "~1.0.0"
            },
            "type": "library",
            "extra": {
                "branch-alias": {
                    "dev-master": "2.6.x-dev",
                    "dev-develop": "2.7.x-dev"
                }
            },
            "autoload": {
                "psr-4": {
                    "Zend\\Uri\\": "src/"
                }
            },
            "notification-url": "https://packagist.org/downloads/",
            "license": [
                "BSD-3-Clause"
            ],
            "description": "A component that aids in manipulating and validating » Uniform Resource Identifiers (URIs)",
            "keywords": [
                "ZendFramework",
                "uri",
                "zf"
            ],
            "time": "2018-04-30T13:40:08+00:00"
        },
        {
            "name": "zendframework/zend-validator",
            "version": "2.10.2",
            "source": {
                "type": "git",
                "url": "https://github.com/zendframework/zend-validator.git",
                "reference": "38109ed7d8e46cfa71bccbe7e6ca80cdd035f8c9"
            },
            "dist": {
                "type": "zip",
                "url": "https://api.github.com/repos/zendframework/zend-validator/zipball/38109ed7d8e46cfa71bccbe7e6ca80cdd035f8c9",
                "reference": "38109ed7d8e46cfa71bccbe7e6ca80cdd035f8c9",
                "shasum": ""
            },
            "require": {
                "container-interop/container-interop": "^1.1",
                "php": "^5.6 || ^7.0",
                "zendframework/zend-stdlib": "^2.7.6 || ^3.1"
            },
            "require-dev": {
                "phpunit/phpunit": "^6.0.8 || ^5.7.15",
                "zendframework/zend-cache": "^2.6.1",
                "zendframework/zend-coding-standard": "~1.0.0",
                "zendframework/zend-config": "^2.6",
                "zendframework/zend-db": "^2.7",
                "zendframework/zend-filter": "^2.6",
                "zendframework/zend-http": "^2.5.4",
                "zendframework/zend-i18n": "^2.6",
                "zendframework/zend-math": "^2.6",
                "zendframework/zend-servicemanager": "^2.7.5 || ^3.0.3",
                "zendframework/zend-session": "^2.8",
                "zendframework/zend-uri": "^2.5"
            },
            "suggest": {
                "zendframework/zend-db": "Zend\\Db component, required by the (No)RecordExists validator",
                "zendframework/zend-filter": "Zend\\Filter component, required by the Digits validator",
                "zendframework/zend-i18n": "Zend\\I18n component to allow translation of validation error messages",
                "zendframework/zend-i18n-resources": "Translations of validator messages",
                "zendframework/zend-math": "Zend\\Math component, required by the Csrf validator",
                "zendframework/zend-servicemanager": "Zend\\ServiceManager component to allow using the ValidatorPluginManager and validator chains",
                "zendframework/zend-session": "Zend\\Session component, ^2.8; required by the Csrf validator",
                "zendframework/zend-uri": "Zend\\Uri component, required by the Uri and Sitemap\\Loc validators"
            },
            "type": "library",
            "extra": {
                "branch-alias": {
                    "dev-master": "2.10.x-dev",
                    "dev-develop": "2.11.x-dev"
                },
                "zf": {
                    "component": "Zend\\Validator",
                    "config-provider": "Zend\\Validator\\ConfigProvider"
                }
            },
            "autoload": {
                "psr-4": {
                    "Zend\\Validator\\": "src/"
                }
            },
            "notification-url": "https://packagist.org/downloads/",
            "license": [
                "BSD-3-Clause"
            ],
            "description": "provides a set of commonly needed validators",
            "homepage": "https://github.com/zendframework/zend-validator",
            "keywords": [
                "validator",
                "zf2"
            ],
            "time": "2018-02-01T17:05:33+00:00"
        }
    ],
    "packages-dev": [],
    "aliases": [],
    "minimum-stability": "stable",
    "stability-flags": [],
    "prefer-stable": false,
    "prefer-lowest": false,
    "platform": [],
    "platform-dev": []
}
